
Microsoft Visual Studio Solution File, Format Version 11.00
# Visual Studio 2010
Project("{FAE04EC0-301F-11D3-BF4B-00C04F79EFBC}") = "UserService.Messages", "UserService.Messages\UserService.Messages.csproj", "{834B06A7-0E0F-4F45-AF70-7FE1D6818454}"
EndProject
Project("{FAE04EC0-301F-11D3-BF4B-00C04F79EFBC}") = "UserService", "UserService\UserService.csproj", "{45AA0EC8-0406-46A8-9CD6-1DC98D54E0DD}"
EndProject
Project("{FAE04EC0-301F-11D3-BF4B-00C04F79EFBC}") = "ExampleWeb", "ExampleWeb\ExampleWeb.csproj", "{07C4E7D6-F007-4650-B5B8-877CFD3AED47}"
EndProject
Project("{2150E333-8FDC-42A3-9474-1A3956D46DE8}") = ".nuget", ".nuget", "{2B49B719-FAFF-4C46-9D73-AF4260A9C56A}"
	ProjectSection(SolutionItems) = preProject
		.nuget\NuGet.Config = .nuget\NuGet.Config
		.nuget\NuGet.exe = .nuget\NuGet.exe
		.nuget\NuGet.targets = .nuget\NuGet.targets
	EndProjectSection
EndProject
Project("{FAE04EC0-301F-11D3-BF4B-00C04F79EFBC}") = "WelcomeEmailService", "WelcomeEmailService\WelcomeEmailService.csproj", "{3FFED38D-1717-46E8-A865-1581366B96CB}"
EndProject
Project("{FAE04EC0-301F-11D3-BF4B-00C04F79EFBC}") = "UserService.Tests", "UserService.Tests\UserService.Tests.csproj", "{41B6C07A-9AC6-44C3-8BC6-E72E0E65D570}"
EndProject
Global
	GlobalSection(SolutionConfigurationPlatforms) = preSolution
		Debug|Any CPU = Debug|Any CPU
		Release|Any CPU = Release|Any CPU
	EndGlobalSection
	GlobalSection(ProjectConfigurationPlatforms) = postSolution
		{834B06A7-0E0F-4F45-AF70-7FE1D6818454}.Debug|Any CPU.ActiveCfg = Debug|Any CPU
		{834B06A7-0E0F-4F45-AF70-7FE1D6818454}.Debug|Any CPU.Build.0 = Debug|Any CPU
		{834B06A7-0E0F-4F45-AF70-7FE1D6818454}.Release|Any CPU.ActiveCfg = Release|Any CPU
		{834B06A7-0E0F-4F45-AF70-7FE1D6818454}.Release|Any CPU.Build.0 = Release|Any CPU
		{45AA0EC8-0406-46A8-9CD6-1DC98D54E0DD}.Debug|Any CPU.ActiveCfg = Debug|Any CPU
		{45AA0EC8-0406-46A8-9CD6-1DC98D54E0DD}.Debug|Any CPU.Build.0 = Debug|Any CPU
		{45AA0EC8-0406-46A8-9CD6-1DC98D54E0DD}.Release|Any CPU.ActiveCfg = Release|Any CPU
		{45AA0EC8-0406-46A8-9CD6-1DC98D54E0DD}.Release|Any CPU.Build.0 = Release|Any CPU
		{07C4E7D6-F007-4650-B5B8-877CFD3AED47}.Debug|Any CPU.ActiveCfg = Debug|Any CPU
		{07C4E7D6-F007-4650-B5B8-877CFD3AED47}.Debug|Any CPU.Build.0 = Debug|Any CPU
		{07C4E7D6-F007-4650-B5B8-877CFD3AED47}.Release|Any CPU.ActiveCfg = Release|Any CPU
		{07C4E7D6-F007-4650-B5B8-877CFD3AED47}.Release|Any CPU.Build.0 = Release|Any CPU
		{3FFED38D-1717-46E8-A865-1581366B96CB}.Debug|Any CPU.ActiveCfg = Debug|Any CPU
		{3FFED38D-1717-46E8-A865-1581366B96CB}.Debug|Any CPU.Build.0 = Debug|Any CPU
		{3FFED38D-1717-46E8-A865-1581366B96CB}.Release|Any CPU.ActiveCfg = Release|Any CPU
		{3FFED38D-1717-46E8-A865-1581366B96CB}.Release|Any CPU.Build.0 = Release|Any CPU
		{41B6C07A-9AC6-44C3-8BC6-E72E0E65D570}.Debug|Any CPU.ActiveCfg = Debug|Any CPU
		{41B6C07A-9AC6-44C3-8BC6-E72E0E65D570}.Debug|Any CPU.Build.0 = Debug|Any CPU
		{41B6C07A-9AC6-44C3-8BC6-E72E0E65D570}.Release|Any CPU.ActiveCfg = Release|Any CPU
		{41B6C07A-9AC6-44C3-8BC6-E72E0E65D570}.Release|Any CPU.Build.0 = Release|Any CPU
	EndGlobalSection
	GlobalSection(SolutionProperties) = preSolution
		HideSolutionNode = FALSE
	EndGlobalSection
EndGlobal
